
Microsoft Visual Studio Solution File, Format Version 12.00
# Visual Studio Version 16
VisualStudioVersion = 16.0.33130.400
MinimumVisualStudioVersion = 10.0.40219.1
Project("{FAE04EC0-301F-11D3-BF4B-00C04F79EFBC}") = "FootballAssgUsingMvc", "FootballAssgUsingMvc.csproj", "{48B9B446-430F-4DF1-9FE7-82C117167730}"
EndProject
Global
	GlobalSection(SolutionConfigurationPlatforms) = preSolution
		Debug|Any CPU = Debug|Any CPU
		Release|Any CPU = Release|Any CPU
	EndGlobalSection
	GlobalSection(ProjectConfigurationPlatforms) = postSolution
		{48B9B446-430F-4DF1-9FE7-82C117167730}.Debug|Any CPU.ActiveCfg = Debug|Any CPU
		{48B9B446-430F-4DF1-9FE7-82C117167730}.Debug|Any CPU.Build.0 = Debug|Any CPU
		{48B9B446-430F-4DF1-9FE7-82C117167730}.Release|Any CPU.ActiveCfg = Release|Any CPU
		{48B9B446-430F-4DF1-9FE7-82C117167730}.Release|Any CPU.Build.0 = Release|Any CPU
	EndGlobalSection
	GlobalSection(SolutionProperties) = preSolution
		HideSolutionNode = FALSE
	EndGlobalSection
	GlobalSection(ExtensibilityGlobals) = postSolution
		SolutionGuid = {659C0B35-EF36-4032-BA7A-665F3BBE479B}
	EndGlobalSection
EndGlobal
